// !$*UTF8*$!
{
	archiveVersion = 1;
	classes = {
	};
	objectVersion = 46;
	objects = {

/* Begin PBXBuildFile section */
		110DEB2D1A94B31E0034ED6C /* MPCloseButtonX.png in Resources */ = {isa = PBXBuildFile; fileRef = 110DEB291A94B31E0034ED6C /* MPCloseButtonX.png */; };
		110DEB2E1A94B31E0034ED6C /* MPCloseButtonX@2x.png in Resources */ = {isa = PBXBuildFile; fileRef = 110DEB2A1A94B31E0034ED6C /* MPCloseButtonX@2x.png */; };
		110DEB2F1A94B31E0034ED6C /* MPCloseButtonX@3x.png in Resources */ = {isa = PBXBuildFile; fileRef = 110DEB2B1A94B31E0034ED6C /* MPCloseButtonX@3x.png */; };
		110DEB301A94B31E0034ED6C /* MRAID.bundle in Resources */ = {isa = PBXBuildFile; fileRef = 110DEB2C1A94B31E0034ED6C /* MRAID.bundle */; };
		11498F021B24955200B6DA8E /* AudioToolbox.framework in Frameworks */ = {isa = PBXBuildFile; fileRef = 11D333411A768939001983FB /* AudioToolbox.framework */; };
		11498F031B24957900B6DA8E /* AVFoundation.framework in Frameworks */ = {isa = PBXBuildFile; fileRef = 11D333481A7689F8001983FB /* AVFoundation.framework */; };
		11498F051B24978A00B6DA8E /* CoreMedia.framework in Frameworks */ = {isa = PBXBuildFile; fileRef = 11729E9D1B2344E400633115 /* CoreMedia.framework */; };
		11498F221B24BAE600B6DA8E /* GoogleMobileAds.framework in Frameworks */ = {isa = PBXBuildFile; fileRef = 11498F201B24BAE500B6DA8E /* GoogleMobileAds.framework */; };
		11729E981B23446A00633115 /* libz.dylib in Frameworks */ = {isa = PBXBuildFile; fileRef = 11729E971B23446A00633115 /* libz.dylib */; };
		11729E9A1B2344A700633115 /* Social.framework in Frameworks */ = {isa = PBXBuildFile; fileRef = 11729E991B2344A700633115 /* Social.framework */; settings = {ATTRIBUTES = (Weak, ); }; };
		11729E9C1B2344B500633115 /* WebKit.framework in Frameworks */ = {isa = PBXBuildFile; fileRef = 11729E9B1B2344B500633115 /* WebKit.framework */; settings = {ATTRIBUTES = (Weak, ); }; };
		11729E9E1B2344E400633115 /* CoreMedia.framework in Frameworks */ = {isa = PBXBuildFile; fileRef = 11729E9D1B2344E400633115 /* CoreMedia.framework */; };
		11729EA01B2344F700633115 /* MediaPlayer.framework in Frameworks */ = {isa = PBXBuildFile; fileRef = 11729E9F1B2344F700633115 /* MediaPlayer.framework */; };
		11729EA11B23453000633115 /* QuartzCore.framework in Frameworks */ = {isa = PBXBuildFile; fileRef = 11D3333D1A7688FE001983FB /* QuartzCore.framework */; };
		11729EA41B234E1F00633115 /* ViewController.m in Sources */ = {isa = PBXBuildFile; fileRef = 11EA009A1A48359400F0CB30 /* ViewController.m */; };
		11729EA61B234E1F00633115 /* AppDelegate.m in Sources */ = {isa = PBXBuildFile; fileRef = 11EA00971A48359400F0CB30 /* AppDelegate.m */; };
		11729EA71B234E1F00633115 /* main.m in Sources */ = {isa = PBXBuildFile; fileRef = 11EA00941A48359400F0CB30 /* main.m */; };
		11729EAA1B234E1F00633115 /* LaunchScreen.xib in Resources */ = {isa = PBXBuildFile; fileRef = 11EA00A11A48359400F0CB30 /* LaunchScreen.xib */; };
		11729EAB1B234E1F00633115 /* Images.xcassets in Resources */ = {isa = PBXBuildFile; fileRef = 11EA009F1A48359400F0CB30 /* Images.xcassets */; };
		11729EAD1B234E1F00633115 /* QuartzCore.framework in Frameworks */ = {isa = PBXBuildFile; fileRef = 11D3333D1A7688FE001983FB /* QuartzCore.framework */; };
		11729EAE1B234E1F00633115 /* CoreMedia.framework in Frameworks */ = {isa = PBXBuildFile; fileRef = 11729E9D1B2344E400633115 /* CoreMedia.framework */; };
		11729EAF1B234E1F00633115 /* MediaPlayer.framework in Frameworks */ = {isa = PBXBuildFile; fileRef = 11729E9F1B2344F700633115 /* MediaPlayer.framework */; };
		11729EB01B234E1F00633115 /* WebKit.framework in Frameworks */ = {isa = PBXBuildFile; fileRef = 11729E9B1B2344B500633115 /* WebKit.framework */; settings = {ATTRIBUTES = (Weak, ); }; };
		11729EB11B234E1F00633115 /* Social.framework in Frameworks */ = {isa = PBXBuildFile; fileRef = 11729E991B2344A700633115 /* Social.framework */; settings = {ATTRIBUTES = (Weak, ); }; };
		11729EB21B234E1F00633115 /* AdSupport.framework in Frameworks */ = {isa = PBXBuildFile; fileRef = 11D333541A768AB3001983FB /* AdSupport.framework */; settings = {ATTRIBUTES = (Weak, ); }; };
		11729EB31B234E1F00633115 /* libz.dylib in Frameworks */ = {isa = PBXBuildFile; fileRef = 11729E971B23446A00633115 /* libz.dylib */; };
		11729EB41B234E1F00633115 /* CoreTelephony.framework in Frameworks */ = {isa = PBXBuildFile; fileRef = 11D333521A768A87001983FB /* CoreTelephony.framework */; };
		11729EB51B234E1F00633115 /* MessageUI.framework in Frameworks */ = {isa = PBXBuildFile; fileRef = 11D333501A768A42001983FB /* MessageUI.framework */; };
		11729EB61B234E1F00633115 /* EventKit.framework in Frameworks */ = {isa = PBXBuildFile; fileRef = 11D3334E1A768A1F001983FB /* EventKit.framework */; };
		11729EB71B234E1F00633115 /* EventKitUI.framework in Frameworks */ = {isa = PBXBuildFile; fileRef = 11D333561A768AE8001983FB /* EventKitUI.framework */; };
		11729EB81B234E1F00633115 /* SystemConfiguration.framework in Frameworks */ = {isa = PBXBuildFile; fileRef = 11D3334C1A768A11001983FB /* SystemConfiguration.framework */; };
		11729EB91B234E1F00633115 /* StoreKit.framework in Frameworks */ = {isa = PBXBuildFile; fileRef = 11D3334A1A768A06001983FB /* StoreKit.framework */; };
		11729EBB1B234E1F00633115 /* AVFoundation.framework in Frameworks */ = {isa = PBXBuildFile; fileRef = 11D333481A7689F8001983FB /* AVFoundation.framework */; };
		11729EBD1B234E1F00633115 /* CoreGraphics.framework in Frameworks */ = {isa = PBXBuildFile; fileRef = 11D333451A7689DA001983FB /* CoreGraphics.framework */; };
		11729EBE1B234E1F00633115 /* AudioToolbox.framework in Frameworks */ = {isa = PBXBuildFile; fileRef = 11D333411A768939001983FB /* AudioToolbox.framework */; };
		11729EBF1B234E1F00633115 /* UIKit.framework in Frameworks */ = {isa = PBXBuildFile; fileRef = 11D3333F1A76890C001983FB /* UIKit.framework */; };
		11729EC81B234EB200633115 /* LDAdServiceChartboost.m in Sources */ = {isa = PBXBuildFile; fileRef = 11729EC61B234EB200633115 /* LDAdServiceChartboost.m */; };
		11729ECC1B234FDA00633115 /* TestServiceChartboost.m in Sources */ = {isa = PBXBuildFile; fileRef = 11729ECB1B234F6800633115 /* TestServiceChartboost.m */; };
		1181A4451BE76E4F0061824B /* Chartboost.framework in Frameworks */ = {isa = PBXBuildFile; fileRef = 1181A4431BE76E4F0061824B /* Chartboost.framework */; };
		1181A44A1BE771670061824B /* GoogleMobileAds.framework in Frameworks */ = {isa = PBXBuildFile; fileRef = 11498F201B24BAE500B6DA8E /* GoogleMobileAds.framework */; };
		1181A44B1BE771980061824B /* Chartboost.framework in Frameworks */ = {isa = PBXBuildFile; fileRef = 1181A4431BE76E4F0061824B /* Chartboost.framework */; };
		118CECF71A744D7500AB79B9 /* LDAdServiceMoPub.m in Sources */ = {isa = PBXBuildFile; fileRef = 118CECF21A744D7500AB79B9 /* LDAdServiceMoPub.m */; };
		11B9A73E1A56ECC4000194A3 /* TestServiceMoPub.m in Sources */ = {isa = PBXBuildFile; fileRef = 11B9A73D1A56ECC4000194A3 /* TestServiceMoPub.m */; };
		11D333251A766F93001983FB /* ViewController.m in Sources */ = {isa = PBXBuildFile; fileRef = 11EA009A1A48359400F0CB30 /* ViewController.m */; };
		11D333261A766F93001983FB /* AppDelegate.m in Sources */ = {isa = PBXBuildFile; fileRef = 11EA00971A48359400F0CB30 /* AppDelegate.m */; };
		11D333271A766F93001983FB /* main.m in Sources */ = {isa = PBXBuildFile; fileRef = 11EA00941A48359400F0CB30 /* main.m */; };
		11D3332A1A766F93001983FB /* LaunchScreen.xib in Resources */ = {isa = PBXBuildFile; fileRef = 11EA00A11A48359400F0CB30 /* LaunchScreen.xib */; };
		11D3332F1A766F93001983FB /* Images.xcassets in Resources */ = {isa = PBXBuildFile; fileRef = 11EA009F1A48359400F0CB30 /* Images.xcassets */; };
		11D333391A7670D0001983FB /* LDAdServiceAdMob.m in Sources */ = {isa = PBXBuildFile; fileRef = 11D333361A766FCA001983FB /* LDAdServiceAdMob.m */; };
		11D333401A76890C001983FB /* UIKit.framework in Frameworks */ = {isa = PBXBuildFile; fileRef = 11D3333F1A76890C001983FB /* UIKit.framework */; };
		11D333431A768946001983FB /* AudioToolbox.framework in Frameworks */ = {isa = PBXBuildFile; fileRef = 11D333411A768939001983FB /* AudioToolbox.framework */; };
		11D333461A7689DA001983FB /* CoreGraphics.framework in Frameworks */ = {isa = PBXBuildFile; fileRef = 11D333451A7689DA001983FB /* CoreGraphics.framework */; };
		11D333491A7689F8001983FB /* AVFoundation.framework in Frameworks */ = {isa = PBXBuildFile; fileRef = 11D333481A7689F8001983FB /* AVFoundation.framework */; };
		11D3334B1A768A06001983FB /* StoreKit.framework in Frameworks */ = {isa = PBXBuildFile; fileRef = 11D3334A1A768A06001983FB /* StoreKit.framework */; };
		11D3334D1A768A11001983FB /* SystemConfiguration.framework in Frameworks */ = {isa = PBXBuildFile; fileRef = 11D3334C1A768A11001983FB /* SystemConfiguration.framework */; };
		11D3334F1A768A1F001983FB /* EventKit.framework in Frameworks */ = {isa = PBXBuildFile; fileRef = 11D3334E1A768A1F001983FB /* EventKit.framework */; };
		11D333511A768A42001983FB /* MessageUI.framework in Frameworks */ = {isa = PBXBuildFile; fileRef = 11D333501A768A42001983FB /* MessageUI.framework */; };
		11D333531A768A87001983FB /* CoreTelephony.framework in Frameworks */ = {isa = PBXBuildFile; fileRef = 11D333521A768A87001983FB /* CoreTelephony.framework */; };
		11D333551A768AB3001983FB /* AdSupport.framework in Frameworks */ = {isa = PBXBuildFile; fileRef = 11D333541A768AB3001983FB /* AdSupport.framework */; settings = {ATTRIBUTES = (Weak, ); }; };
		11D333571A768AE8001983FB /* EventKitUI.framework in Frameworks */ = {isa = PBXBuildFile; fileRef = 11D333561A768AE8001983FB /* EventKitUI.framework */; };
		11D333591A768B66001983FB /* TestServiceAdMob.m in Sources */ = {isa = PBXBuildFile; fileRef = 11D333581A768B33001983FB /* TestServiceAdMob.m */; };
		11EA00951A48359400F0CB30 /* main.m in Sources */ = {isa = PBXBuildFile; fileRef = 11EA00941A48359400F0CB30 /* main.m */; };
		11EA00981A48359400F0CB30 /* AppDelegate.m in Sources */ = {isa = PBXBuildFile; fileRef = 11EA00971A48359400F0CB30 /* AppDelegate.m */; };
		11EA009B1A48359400F0CB30 /* ViewController.m in Sources */ = {isa = PBXBuildFile; fileRef = 11EA009A1A48359400F0CB30 /* ViewController.m */; };
		11EA00A01A48359400F0CB30 /* Images.xcassets in Resources */ = {isa = PBXBuildFile; fileRef = 11EA009F1A48359400F0CB30 /* Images.xcassets */; };
		11EA00A31A48359400F0CB30 /* LaunchScreen.xib in Resources */ = {isa = PBXBuildFile; fileRef = 11EA00A11A48359400F0CB30 /* LaunchScreen.xib */; };
/* End PBXBuildFile section */

/* Begin PBXFileReference section */
		110DEB291A94B31E0034ED6C /* MPCloseButtonX.png */ = {isa = PBXFileReference; lastKnownFileType = image.png; name = MPCloseButtonX.png; path = ../../../src/cordova/ios/mopub/base/src/deps/external/Resources/MPCloseButtonX.png; sourceTree = "<group>"; };
		110DEB2A1A94B31E0034ED6C /* MPCloseButtonX@2x.png */ = {isa = PBXFileReference; lastKnownFileType = image.png; name = "MPCloseButtonX@2x.png"; path = "../../../src/cordova/ios/mopub/base/src/deps/external/Resources/MPCloseButtonX@2x.png"; sourceTree = "<group>"; };
		110DEB2B1A94B31E0034ED6C /* MPCloseButtonX@3x.png */ = {isa = PBXFileReference; lastKnownFileType = image.png; name = "MPCloseButtonX@3x.png"; path = "../../../src/cordova/ios/mopub/base/src/deps/external/Resources/MPCloseButtonX@3x.png"; sourceTree = "<group>"; };
		110DEB2C1A94B31E0034ED6C /* MRAID.bundle */ = {isa = PBXFileReference; lastKnownFileType = "wrapper.plug-in"; name = MRAID.bundle; path = ../../../src/cordova/ios/mopub/base/src/deps/external/Resources/MRAID.bundle; sourceTree = "<group>"; };
		11498F201B24BAE500B6DA8E /* GoogleMobileAds.framework */ = {isa = PBXFileReference; lastKnownFileType = wrapper.framework; name = GoogleMobileAds.framework; path = ../../../src/cordova/ios/admob/base/src/deps/external/GoogleMobileAds.framework; sourceTree = "<group>"; };
		11729E971B23446A00633115 /* libz.dylib */ = {isa = PBXFileReference; lastKnownFileType = "compiled.mach-o.dylib"; name = libz.dylib; path = usr/lib/libz.dylib; sourceTree = SDKROOT; };
		11729E991B2344A700633115 /* Social.framework */ = {isa = PBXFileReference; lastKnownFileType = wrapper.framework; name = Social.framework; path = System/Library/Frameworks/Social.framework; sourceTree = SDKROOT; };
		11729E9B1B2344B500633115 /* WebKit.framework */ = {isa = PBXFileReference; lastKnownFileType = wrapper.framework; name = WebKit.framework; path = System/Library/Frameworks/WebKit.framework; sourceTree = SDKROOT; };
		11729E9D1B2344E400633115 /* CoreMedia.framework */ = {isa = PBXFileReference; lastKnownFileType = wrapper.framework; name = CoreMedia.framework; path = System/Library/Frameworks/CoreMedia.framework; sourceTree = SDKROOT; };
		11729E9F1B2344F700633115 /* MediaPlayer.framework */ = {isa = PBXFileReference; lastKnownFileType = wrapper.framework; name = MediaPlayer.framework; path = System/Library/Frameworks/MediaPlayer.framework; sourceTree = SDKROOT; };
		11729EC31B234E1F00633115 /* AdTest_chartboost.app */ = {isa = PBXFileReference; explicitFileType = wrapper.application; includeInIndex = 0; path = AdTest_chartboost.app; sourceTree = BUILT_PRODUCTS_DIR; };
		11729EC41B234E2000633115 /* AdTest_admob copy-Info.plist */ = {isa = PBXFileReference; lastKnownFileType = text.plist.xml; name = "AdTest_admob copy-Info.plist"; path = "/Users/mortimer/Projects/atomic-plugins-ads/test/ios/AdTest/AdTest_admob copy-Info.plist"; sourceTree = "<absolute>"; };
		11729EC61B234EB200633115 /* LDAdServiceChartboost.m */ = {isa = PBXFileReference; fileEncoding = 4; lastKnownFileType = sourcecode.c.objc; name = LDAdServiceChartboost.m; path = ../../../src/atomic/ios/chartboost/LDAdServiceChartboost.m; sourceTree = "<group>"; };
		11729EC71B234EB200633115 /* LDAdServiceChartboost.h */ = {isa = PBXFileReference; fileEncoding = 4; lastKnownFileType = sourcecode.c.h; name = LDAdServiceChartboost.h; path = ../../../src/atomic/ios/chartboost/LDAdServiceChartboost.h; sourceTree = "<group>"; };
		11729ECB1B234F6800633115 /* TestServiceChartboost.m */ = {isa = PBXFileReference; fileEncoding = 4; lastKnownFileType = sourcecode.c.objc; path = TestServiceChartboost.m; sourceTree = "<group>"; };
		1181A4431BE76E4F0061824B /* Chartboost.framework */ = {isa = PBXFileReference; lastKnownFileType = wrapper.framework; name = Chartboost.framework; path = ../../../src/cordova/ios/chartboost/src/deps/external/Chartboost.framework; sourceTree = "<group>"; };
		118CECEA1A744D5100AB79B9 /* LDAdBanner.h */ = {isa = PBXFileReference; fileEncoding = 4; lastKnownFileType = sourcecode.c.h; name = LDAdBanner.h; path = ../../../src/atomic/ios/common/LDAdBanner.h; sourceTree = "<group>"; };
		118CECEB1A744D5100AB79B9 /* LDAdInterstitial.h */ = {isa = PBXFileReference; fileEncoding = 4; lastKnownFileType = sourcecode.c.h; name = LDAdInterstitial.h; path = ../../../src/atomic/ios/common/LDAdInterstitial.h; sourceTree = "<group>"; };
		118CECEC1A744D5100AB79B9 /* LDAdService.h */ = {isa = PBXFileReference; fileEncoding = 4; lastKnownFileType = sourcecode.c.h; name = LDAdService.h; path = ../../../src/atomic/ios/common/LDAdService.h; sourceTree = "<group>"; };
		118CECF11A744D7500AB79B9 /* LDAdServiceMoPub.h */ = {isa = PBXFileReference; fileEncoding = 4; lastKnownFileType = sourcecode.c.h; name = LDAdServiceMoPub.h; path = ../../../src/atomic/ios/mopub/LDAdServiceMoPub.h; sourceTree = "<group>"; };
		118CECF21A744D7500AB79B9 /* LDAdServiceMoPub.m */ = {isa = PBXFileReference; fileEncoding = 4; lastKnownFileType = sourcecode.c.objc; name = LDAdServiceMoPub.m; path = ../../../src/atomic/ios/mopub/LDAdServiceMoPub.m; sourceTree = "<group>"; };
		11B9A73C1A56ECC4000194A3 /* TestService.h */ = {isa = PBXFileReference; fileEncoding = 4; lastKnownFileType = sourcecode.c.h; path = TestService.h; sourceTree = "<group>"; };
		11B9A73D1A56ECC4000194A3 /* TestServiceMoPub.m */ = {isa = PBXFileReference; fileEncoding = 4; lastKnownFileType = sourcecode.c.objc; path = TestServiceMoPub.m; sourceTree = "<group>"; };
		11D333331A766F93001983FB /* AdTest_admob.app */ = {isa = PBXFileReference; explicitFileType = wrapper.application; includeInIndex = 0; path = AdTest_admob.app; sourceTree = BUILT_PRODUCTS_DIR; };
		11D333341A766F93001983FB /* AdTest_mopub copy-Info.plist */ = {isa = PBXFileReference; lastKnownFileType = text.plist.xml; name = "AdTest_mopub copy-Info.plist"; path = "/Users/mortimer/Projects/plugins-ads/test/ios/AdTest/AdTest_mopub copy-Info.plist"; sourceTree = "<absolute>"; };
		11D333351A766FCA001983FB /* LDAdServiceAdMob.h */ = {isa = PBXFileReference; fileEncoding = 4; lastKnownFileType = sourcecode.c.h; name = LDAdServiceAdMob.h; path = ../../../src/atomic/ios/admob/LDAdServiceAdMob.h; sourceTree = "<group>"; };
		11D333361A766FCA001983FB /* LDAdServiceAdMob.m */ = {isa = PBXFileReference; fileEncoding = 4; lastKnownFileType = sourcecode.c.objc; name = LDAdServiceAdMob.m; path = ../../../src/atomic/ios/admob/LDAdServiceAdMob.m; sourceTree = "<group>"; };
		11D3333B1A7688F3001983FB /* CoreAudio.framework */ = {isa = PBXFileReference; lastKnownFileType = wrapper.framework; name = CoreAudio.framework; path = System/Library/Frameworks/CoreAudio.framework; sourceTree = SDKROOT; };
		11D3333D1A7688FE001983FB /* QuartzCore.framework */ = {isa = PBXFileReference; lastKnownFileType = wrapper.framework; name = QuartzCore.framework; path = System/Library/Frameworks/QuartzCore.framework; sourceTree = SDKROOT; };
		11D3333F1A76890C001983FB /* UIKit.framework */ = {isa = PBXFileReference; lastKnownFileType = wrapper.framework; name = UIKit.framework; path = System/Library/Frameworks/UIKit.framework; sourceTree = SDKROOT; };
		11D333411A768939001983FB /* AudioToolbox.framework */ = {isa = PBXFileReference; lastKnownFileType = wrapper.framework; name = AudioToolbox.framework; path = System/Library/Frameworks/AudioToolbox.framework; sourceTree = SDKROOT; };
		11D333451A7689DA001983FB /* CoreGraphics.framework */ = {isa = PBXFileReference; lastKnownFileType = wrapper.framework; name = CoreGraphics.framework; path = System/Library/Frameworks/CoreGraphics.framework; sourceTree = SDKROOT; };
		11D333481A7689F8001983FB /* AVFoundation.framework */ = {isa = PBXFileReference; lastKnownFileType = wrapper.framework; name = AVFoundation.framework; path = System/Library/Frameworks/AVFoundation.framework; sourceTree = SDKROOT; };
		11D3334A1A768A06001983FB /* StoreKit.framework */ = {isa = PBXFileReference; lastKnownFileType = wrapper.framework; name = StoreKit.framework; path = System/Library/Frameworks/StoreKit.framework; sourceTree = SDKROOT; };
		11D3334C1A768A11001983FB /* SystemConfiguration.framework */ = {isa = PBXFileReference; lastKnownFileType = wrapper.framework; name = SystemConfiguration.framework; path = System/Library/Frameworks/SystemConfiguration.framework; sourceTree = SDKROOT; };
		11D3334E1A768A1F001983FB /* EventKit.framework */ = {isa = PBXFileReference; lastKnownFileType = wrapper.framework; name = EventKit.framework; path = System/Library/Frameworks/EventKit.framework; sourceTree = SDKROOT; };
		11D333501A768A42001983FB /* MessageUI.framework */ = {isa = PBXFileReference; lastKnownFileType = wrapper.framework; name = MessageUI.framework; path = System/Library/Frameworks/MessageUI.framework; sourceTree = SDKROOT; };
		11D333521A768A87001983FB /* CoreTelephony.framework */ = {isa = PBXFileReference; lastKnownFileType = wrapper.framework; name = CoreTelephony.framework; path = System/Library/Frameworks/CoreTelephony.framework; sourceTree = SDKROOT; };
		11D333541A768AB3001983FB /* AdSupport.framework */ = {isa = PBXFileReference; lastKnownFileType = wrapper.framework; name = AdSupport.framework; path = System/Library/Frameworks/AdSupport.framework; sourceTree = SDKROOT; };
		11D333561A768AE8001983FB /* EventKitUI.framework */ = {isa = PBXFileReference; lastKnownFileType = wrapper.framework; name = EventKitUI.framework; path = System/Library/Frameworks/EventKitUI.framework; sourceTree = SDKROOT; };
		11D333581A768B33001983FB /* TestServiceAdMob.m */ = {isa = PBXFileReference; fileEncoding = 4; lastKnownFileType = sourcecode.c.objc; path = TestServiceAdMob.m; sourceTree = "<group>"; };
		11EA008F1A48359400F0CB30 /* AdTest_mopub.app */ = {isa = PBXFileReference; explicitFileType = wrapper.application; includeInIndex = 0; path = AdTest_mopub.app; sourceTree = BUILT_PRODUCTS_DIR; };
		11EA00931A48359400F0CB30 /* Info.plist */ = {isa = PBXFileReference; lastKnownFileType = text.plist.xml; path = Info.plist; sourceTree = "<group>"; };
		11EA00941A48359400F0CB30 /* main.m */ = {isa = PBXFileReference; lastKnownFileType = sourcecode.c.objc; path = main.m; sourceTree = "<group>"; };
		11EA00961A48359400F0CB30 /* AppDelegate.h */ = {isa = PBXFileReference; lastKnownFileType = sourcecode.c.h; path = AppDelegate.h; sourceTree = "<group>"; };
		11EA00971A48359400F0CB30 /* AppDelegate.m */ = {isa = PBXFileReference; lastKnownFileType = sourcecode.c.objc; path = AppDelegate.m; sourceTree = "<group>"; };
		11EA00991A48359400F0CB30 /* ViewController.h */ = {isa = PBXFileReference; lastKnownFileType = sourcecode.c.h; path = ViewController.h; sourceTree = "<group>"; };
		11EA009A1A48359400F0CB30 /* ViewController.m */ = {isa = PBXFileReference; lastKnownFileType = sourcecode.c.objc; path = ViewController.m; sourceTree = "<group>"; };
		11EA009F1A48359400F0CB30 /* Images.xcassets */ = {isa = PBXFileReference; lastKnownFileType = folder.assetcatalog; path = Images.xcassets; sourceTree = "<group>"; };
		11EA00A21A48359400F0CB30 /* Base */ = {isa = PBXFileReference; lastKnownFileType = file.xib; name = Base; path = Base.lproj/LaunchScreen.xib; sourceTree = "<group>"; };
/* End PBXFileReference section */

/* Begin PBXFrameworksBuildPhase section */
		11498F001B24950B00B6DA8E /* Frameworks */ = {
			isa = PBXFrameworksBuildPhase;
			buildActionMask = 2147483647;
			files = (
				1181A44A1BE771670061824B /* GoogleMobileAds.framework in Frameworks */,
				1181A44B1BE771980061824B /* Chartboost.framework in Frameworks */,
				11498F051B24978A00B6DA8E /* CoreMedia.framework in Frameworks */,
				11498F031B24957900B6DA8E /* AVFoundation.framework in Frameworks */,
				11498F021B24955200B6DA8E /* AudioToolbox.framework in Frameworks */,
			);
			runOnlyForDeploymentPostprocessing = 0;
		};
		11729EAC1B234E1F00633115 /* Frameworks */ = {
			isa = PBXFrameworksBuildPhase;
			buildActionMask = 2147483647;
			files = (
				11729EAD1B234E1F00633115 /* QuartzCore.framework in Frameworks */,
				11729EAE1B234E1F00633115 /* CoreMedia.framework in Frameworks */,
				11729EAF1B234E1F00633115 /* MediaPlayer.framework in Frameworks */,
				1181A4451BE76E4F0061824B /* Chartboost.framework in Frameworks */,
				11729EB01B234E1F00633115 /* WebKit.framework in Frameworks */,
				11729EB11B234E1F00633115 /* Social.framework in Frameworks */,
				11729EB21B234E1F00633115 /* AdSupport.framework in Frameworks */,
				11729EB31B234E1F00633115 /* libz.dylib in Frameworks */,
				11729EB41B234E1F00633115 /* CoreTelephony.framework in Frameworks */,
				11729EB51B234E1F00633115 /* MessageUI.framework in Frameworks */,
				11729EB61B234E1F00633115 /* EventKit.framework in Frameworks */,
				11729EB71B234E1F00633115 /* EventKitUI.framework in Frameworks */,
				11729EB81B234E1F00633115 /* SystemConfiguration.framework in Frameworks */,
				11729EB91B234E1F00633115 /* StoreKit.framework in Frameworks */,
				11729EBB1B234E1F00633115 /* AVFoundation.framework in Frameworks */,
				11729EBD1B234E1F00633115 /* CoreGraphics.framework in Frameworks */,
				11729EBE1B234E1F00633115 /* AudioToolbox.framework in Frameworks */,
				11729EBF1B234E1F00633115 /* UIKit.framework in Frameworks */,
			);
			runOnlyForDeploymentPostprocessing = 0;
		};
		11D3333A1A7688E0001983FB /* Frameworks */ = {
			isa = PBXFrameworksBuildPhase;
			buildActionMask = 2147483647;
			files = (
				11498F221B24BAE600B6DA8E /* GoogleMobileAds.framework in Frameworks */,
				11729EA11B23453000633115 /* QuartzCore.framework in Frameworks */,
				11729E9E1B2344E400633115 /* CoreMedia.framework in Frameworks */,
				11729EA01B2344F700633115 /* MediaPlayer.framework in Frameworks */,
				11729E9C1B2344B500633115 /* WebKit.framework in Frameworks */,
				11729E9A1B2344A700633115 /* Social.framework in Frameworks */,
				11D333551A768AB3001983FB /* AdSupport.framework in Frameworks */,
				11729E981B23446A00633115 /* libz.dylib in Frameworks */,
				11D333531A768A87001983FB /* CoreTelephony.framework in Frameworks */,
				11D333511A768A42001983FB /* MessageUI.framework in Frameworks */,
				11D3334F1A768A1F001983FB /* EventKit.framework in Frameworks */,
				11D333571A768AE8001983FB /* EventKitUI.framework in Frameworks */,
				11D3334D1A768A11001983FB /* SystemConfiguration.framework in Frameworks */,
				11D3334B1A768A06001983FB /* StoreKit.framework in Frameworks */,
				11D333491A7689F8001983FB /* AVFoundation.framework in Frameworks */,
				11D333461A7689DA001983FB /* CoreGraphics.framework in Frameworks */,
				11D333431A768946001983FB /* AudioToolbox.framework in Frameworks */,
				11D333401A76890C001983FB /* UIKit.framework in Frameworks */,
			);
			runOnlyForDeploymentPostprocessing = 0;
		};
/* End PBXFrameworksBuildPhase section */

/* Begin PBXGroup section */
		114117C21A519D9A00A844DA /* mopub */ = {
			isa = PBXGroup;
			children = (
				110DEB291A94B31E0034ED6C /* MPCloseButtonX.png */,
				110DEB2A1A94B31E0034ED6C /* MPCloseButtonX@2x.png */,
				110DEB2B1A94B31E0034ED6C /* MPCloseButtonX@3x.png */,
				110DEB2C1A94B31E0034ED6C /* MRAID.bundle */,
				118CECF11A744D7500AB79B9 /* LDAdServiceMoPub.h */,
				118CECF21A744D7500AB79B9 /* LDAdServiceMoPub.m */,
			);
			name = mopub;
			sourceTree = "<group>";
		};
		114117C31A519DAB00A844DA /* common */ = {
			isa = PBXGroup;
			children = (
				118CECEA1A744D5100AB79B9 /* LDAdBanner.h */,
				118CECEB1A744D5100AB79B9 /* LDAdInterstitial.h */,
				118CECEC1A744D5100AB79B9 /* LDAdService.h */,
			);
			name = common;
			sourceTree = "<group>";
		};
		11729EC51B234E5000633115 /* chartboost */ = {
			isa = PBXGroup;
			children = (
				1181A4431BE76E4F0061824B /* Chartboost.framework */,
				11729EC61B234EB200633115 /* LDAdServiceChartboost.m */,
				11729EC71B234EB200633115 /* LDAdServiceChartboost.h */,
			);
			name = chartboost;
			sourceTree = "<group>";
		};
		11D333211A766F86001983FB /* admob */ = {
			isa = PBXGroup;
			children = (
				11D3335A1A768C03001983FB /* frameworks */,
				11D333351A766FCA001983FB /* LDAdServiceAdMob.h */,
				11D333361A766FCA001983FB /* LDAdServiceAdMob.m */,
				11498F201B24BAE500B6DA8E /* GoogleMobileAds.framework */,
			);
			name = admob;
			sourceTree = "<group>";
		};
		11D3335A1A768C03001983FB /* frameworks */ = {
			isa = PBXGroup;
			children = (
				11D333561A768AE8001983FB /* EventKitUI.framework */,
				11D333541A768AB3001983FB /* AdSupport.framework */,
				11D333521A768A87001983FB /* CoreTelephony.framework */,
				11D333501A768A42001983FB /* MessageUI.framework */,
				11D3334E1A768A1F001983FB /* EventKit.framework */,
				11D3334C1A768A11001983FB /* SystemConfiguration.framework */,
				11D3334A1A768A06001983FB /* StoreKit.framework */,
				11D333481A7689F8001983FB /* AVFoundation.framework */,
				11D333451A7689DA001983FB /* CoreGraphics.framework */,
				11D333411A768939001983FB /* AudioToolbox.framework */,
				11D3333F1A76890C001983FB /* UIKit.framework */,
				11D3333D1A7688FE001983FB /* QuartzCore.framework */,
				11D3333B1A7688F3001983FB /* CoreAudio.framework */,
			);
			name = frameworks;
			sourceTree = "<group>";
		};
		11EA00861A48359400F0CB30 = {
			isa = PBXGroup;
			children = (
				11729E9F1B2344F700633115 /* MediaPlayer.framework */,
				11729E9D1B2344E400633115 /* CoreMedia.framework */,
				11729E9B1B2344B500633115 /* WebKit.framework */,
				11729E991B2344A700633115 /* Social.framework */,
				11729E971B23446A00633115 /* libz.dylib */,
				11EA00B81A4836E000F0CB30 /* src */,
				11EA00911A48359400F0CB30 /* AdTest */,
				11EA00901A48359400F0CB30 /* Products */,
				11D333341A766F93001983FB /* AdTest_mopub copy-Info.plist */,
				11729EC41B234E2000633115 /* AdTest_admob copy-Info.plist */,
			);
			sourceTree = "<group>";
		};
		11EA00901A48359400F0CB30 /* Products */ = {
			isa = PBXGroup;
			children = (
				11EA008F1A48359400F0CB30 /* AdTest_mopub.app */,
				11D333331A766F93001983FB /* AdTest_admob.app */,
				11729EC31B234E1F00633115 /* AdTest_chartboost.app */,
			);
			name = Products;
			sourceTree = "<group>";
		};
		11EA00911A48359400F0CB30 /* AdTest */ = {
			isa = PBXGroup;
			children = (
				11EA00961A48359400F0CB30 /* AppDelegate.h */,
				11EA00971A48359400F0CB30 /* AppDelegate.m */,
				11EA00991A48359400F0CB30 /* ViewController.h */,
				11EA009A1A48359400F0CB30 /* ViewController.m */,
				11B9A73C1A56ECC4000194A3 /* TestService.h */,
				11B9A73D1A56ECC4000194A3 /* TestServiceMoPub.m */,
				11D333581A768B33001983FB /* TestServiceAdMob.m */,
				11729ECB1B234F6800633115 /* TestServiceChartboost.m */,
				11EA009F1A48359400F0CB30 /* Images.xcassets */,
				11EA00A11A48359400F0CB30 /* LaunchScreen.xib */,
				11EA00921A48359400F0CB30 /* Supporting Files */,
			);
			path = AdTest;
			sourceTree = "<group>";
		};
		11EA00921A48359400F0CB30 /* Supporting Files */ = {
			isa = PBXGroup;
			children = (
				11EA00931A48359400F0CB30 /* Info.plist */,
				11EA00941A48359400F0CB30 /* main.m */,
			);
			name = "Supporting Files";
			sourceTree = "<group>";
		};
		11EA00B81A4836E000F0CB30 /* src */ = {
			isa = PBXGroup;
			children = (
				11729EC51B234E5000633115 /* chartboost */,
				11D333211A766F86001983FB /* admob */,
				114117C31A519DAB00A844DA /* common */,
				114117C21A519D9A00A844DA /* mopub */,
			);
			name = src;
			sourceTree = "<group>";
		};
/* End PBXGroup section */

/* Begin PBXNativeTarget section */
		11729EA21B234E1F00633115 /* AdTest_chartboost */ = {
			isa = PBXNativeTarget;
			buildConfigurationList = 11729EC01B234E1F00633115 /* Build configuration list for PBXNativeTarget "AdTest_chartboost" */;
			buildPhases = (
				11729EA31B234E1F00633115 /* Sources */,
				11729EA91B234E1F00633115 /* Resources */,
				11729EAC1B234E1F00633115 /* Frameworks */,
			);
			buildRules = (
			);
			dependencies = (
			);
			name = AdTest_chartboost;
			productName = AdTest;
			productReference = 11729EC31B234E1F00633115 /* AdTest_chartboost.app */;
			productType = "com.apple.product-type.application";
		};
		11D333221A766F93001983FB /* AdTest_admob */ = {
			isa = PBXNativeTarget;
			buildConfigurationList = 11D333301A766F93001983FB /* Build configuration list for PBXNativeTarget "AdTest_admob" */;
			buildPhases = (
				11D333231A766F93001983FB /* Sources */,
				11D333291A766F93001983FB /* Resources */,
				11D3333A1A7688E0001983FB /* Frameworks */,
			);
			buildRules = (
			);
			dependencies = (
			);
			name = AdTest_admob;
			productName = AdTest;
			productReference = 11D333331A766F93001983FB /* AdTest_admob.app */;
			productType = "com.apple.product-type.application";
		};
		11EA008E1A48359400F0CB30 /* AdTest_mopub */ = {
			isa = PBXNativeTarget;
			buildConfigurationList = 11EA00B21A48359400F0CB30 /* Build configuration list for PBXNativeTarget "AdTest_mopub" */;
			buildPhases = (
				11498F001B24950B00B6DA8E /* Frameworks */,
				11EA008B1A48359400F0CB30 /* Sources */,
				11EA008D1A48359400F0CB30 /* Resources */,
			);
			buildRules = (
			);
			dependencies = (
			);
			name = AdTest_mopub;
			productName = AdTest;
			productReference = 11EA008F1A48359400F0CB30 /* AdTest_mopub.app */;
			productType = "com.apple.product-type.application";
		};
/* End PBXNativeTarget section */

/* Begin PBXProject section */
		11EA00871A48359400F0CB30 /* Project object */ = {
			isa = PBXProject;
			attributes = {
				LastUpgradeCheck = 0610;
				ORGANIZATIONNAME = Ludei;
				TargetAttributes = {
					11EA008E1A48359400F0CB30 = {
						CreatedOnToolsVersion = 6.1;
					};
				};
			};
			buildConfigurationList = 11EA008A1A48359400F0CB30 /* Build configuration list for PBXProject "AdTest" */;
			compatibilityVersion = "Xcode 3.2";
			developmentRegion = English;
			hasScannedForEncodings = 0;
			knownRegions = (
				en,
				Base,
			);
			mainGroup = 11EA00861A48359400F0CB30;
			productRefGroup = 11EA00901A48359400F0CB30 /* Products */;
			projectDirPath = "";
			projectRoot = "";
			targets = (
				11EA008E1A48359400F0CB30 /* AdTest_mopub */,
				11D333221A766F93001983FB /* AdTest_admob */,
				11729EA21B234E1F00633115 /* AdTest_chartboost */,
			);
		};
/* End PBXProject section */

/* Begin PBXResourcesBuildPhase section */
		11729EA91B234E1F00633115 /* Resources */ = {
			isa = PBXResourcesBuildPhase;
			buildActionMask = 2147483647;
			files = (
				11729EAA1B234E1F00633115 /* LaunchScreen.xib in Resources */,
				11729EAB1B234E1F00633115 /* Images.xcassets in Resources */,
			);
			runOnlyForDeploymentPostprocessing = 0;
		};
		11D333291A766F93001983FB /* Resources */ = {
			isa = PBXResourcesBuildPhase;
			buildActionMask = 2147483647;
			files = (
				11D3332A1A766F93001983FB /* LaunchScreen.xib in Resources */,
				11D3332F1A766F93001983FB /* Images.xcassets in Resources */,
			);
			runOnlyForDeploymentPostprocessing = 0;
		};
		11EA008D1A48359400F0CB30 /* Resources */ = {
			isa = PBXResourcesBuildPhase;
			buildActionMask = 2147483647;
			files = (
				11EA00A31A48359400F0CB30 /* LaunchScreen.xib in Resources */,
				110DEB2F1A94B31E0034ED6C /* MPCloseButtonX@3x.png in Resources */,
				110DEB2E1A94B31E0034ED6C /* MPCloseButtonX@2x.png in Resources */,
				110DEB301A94B31E0034ED6C /* MRAID.bundle in Resources */,
				110DEB2D1A94B31E0034ED6C /* MPCloseButtonX.png in Resources */,
				11EA00A01A48359400F0CB30 /* Images.xcassets in Resources */,
			);
			runOnlyForDeploymentPostprocessing = 0;
		};
/* End PBXResourcesBuildPhase section */

/* Begin PBXSourcesBuildPhase section */
		11729EA31B234E1F00633115 /* Sources */ = {
			isa = PBXSourcesBuildPhase;
			buildActionMask = 2147483647;
			files = (
				11729EA41B234E1F00633115 /* ViewController.m in Sources */,
				11729ECC1B234FDA00633115 /* TestServiceChartboost.m in Sources */,
				11729EC81B234EB200633115 /* LDAdServiceChartboost.m in Sources */,
				11729EA61B234E1F00633115 /* AppDelegate.m in Sources */,
				11729EA71B234E1F00633115 /* main.m in Sources */,
			);
			runOnlyForDeploymentPostprocessing = 0;
		};
		11D333231A766F93001983FB /* Sources */ = {
			isa = PBXSourcesBuildPhase;
			buildActionMask = 2147483647;
			files = (
				11D333251A766F93001983FB /* ViewController.m in Sources */,
				11D333391A7670D0001983FB /* LDAdServiceAdMob.m in Sources */,
				11D333261A766F93001983FB /* AppDelegate.m in Sources */,
				11D333271A766F93001983FB /* main.m in Sources */,
				11D333591A768B66001983FB /* TestServiceAdMob.m in Sources */,
			);
			runOnlyForDeploymentPostprocessing = 0;
		};
		11EA008B1A48359400F0CB30 /* Sources */ = {
			isa = PBXSourcesBuildPhase;
			buildActionMask = 2147483647;
			files = (
				118CECF71A744D7500AB79B9 /* LDAdServiceMoPub.m in Sources */,
				11EA009B1A48359400F0CB30 /* ViewController.m in Sources */,
				11EA00981A48359400F0CB30 /* AppDelegate.m in Sources */,
				11EA00951A48359400F0CB30 /* main.m in Sources */,
				11B9A73E1A56ECC4000194A3 /* TestServiceMoPub.m in Sources */,
			);
			runOnlyForDeploymentPostprocessing = 0;
		};
/* End PBXSourcesBuildPhase section */

/* Begin PBXVariantGroup section */
		11EA00A11A48359400F0CB30 /* LaunchScreen.xib */ = {
			isa = PBXVariantGroup;
			children = (
				11EA00A21A48359400F0CB30 /* Base */,
			);
			name = LaunchScreen.xib;
			sourceTree = "<group>";
		};
/* End PBXVariantGroup section */

/* Begin XCBuildConfiguration section */
		11729EC11B234E1F00633115 /* Debug */ = {
			isa = XCBuildConfiguration;
			buildSettings = {
				ASSETCATALOG_COMPILER_APPICON_NAME = AppIcon;
				CLANG_ENABLE_MODULES = YES;
				CLANG_LINK_OBJC_RUNTIME = YES;
				CLANG_MODULES_AUTOLINK = NO;
				ENABLE_BITCODE = NO;
				FRAMEWORK_SEARCH_PATHS = (
					"$(inherited)",
					"${PROJECT_DIR}/../../../src/cordova/ios/chartboost/src/deps/external",
					"${PROJECT_DIR}/../../../src/cordova/ios/admob/src/deps/external",
				);
				HEADER_SEARCH_PATHS = (
					"$(inherited)",
					/Applications/Xcode.app/Contents/Developer/Toolchains/XcodeDefault.xctoolchain/usr/include,
					"${PROJECT_DIR}/../../../src/cordova/ios/admob/src/deps/external/include",
				);
				INFOPLIST_FILE = "AdTest_admob copy-Info.plist";
				IPHONEOS_DEPLOYMENT_TARGET = 6.0;
				LD_RUNPATH_SEARCH_PATHS = "$(inherited) @executable_path/Frameworks";
				LIBRARY_SEARCH_PATHS = (
					"$(inherited)",
					/Users/mortimer/Downloads/AdColonyAdMobAdapter,
				);
				OTHER_LDFLAGS = "-ObjC";
				PRODUCT_NAME = AdTest_chartboost;
				VALID_ARCHS = "$(ARCHS_STANDARD)";
			};
			name = Debug;
		};
		11729EC21B234E1F00633115 /* Release */ = {
			isa = XCBuildConfiguration;
			buildSettings = {
				ASSETCATALOG_COMPILER_APPICON_NAME = AppIcon;
				CLANG_ENABLE_MODULES = YES;
				CLANG_LINK_OBJC_RUNTIME = YES;
				CLANG_MODULES_AUTOLINK = NO;
				ENABLE_BITCODE = NO;
				FRAMEWORK_SEARCH_PATHS = (
					"$(inherited)",
					"${PROJECT_DIR}/../../../src/cordova/ios/chartboost/src/deps/external",
					"${PROJECT_DIR}/../../../src/cordova/ios/admob/src/deps/external",
				);
				HEADER_SEARCH_PATHS = (
					"$(inherited)",
					/Applications/Xcode.app/Contents/Developer/Toolchains/XcodeDefault.xctoolchain/usr/include,
					"${PROJECT_DIR}/../../../src/cordova/ios/admob/src/deps/external/include",
				);
				INFOPLIST_FILE = "AdTest_admob copy-Info.plist";
				IPHONEOS_DEPLOYMENT_TARGET = 6.0;
				LD_RUNPATH_SEARCH_PATHS = "$(inherited) @executable_path/Frameworks";
				LIBRARY_SEARCH_PATHS = (
					"$(inherited)",
					/Users/mortimer/Downloads/AdColonyAdMobAdapter,
				);
				OTHER_LDFLAGS = "-ObjC";
				PRODUCT_NAME = AdTest_chartboost;
				VALID_ARCHS = "$(ARCHS_STANDARD)";
			};
			name = Release;
		};
		11D333311A766F93001983FB /* Debug */ = {
			isa = XCBuildConfiguration;
			buildSettings = {
				ASSETCATALOG_COMPILER_APPICON_NAME = AppIcon;
				CLANG_ENABLE_MODULES = YES;
				CLANG_LINK_OBJC_RUNTIME = YES;
				CLANG_MODULES_AUTOLINK = NO;
				ENABLE_BITCODE = NO;
				FRAMEWORK_SEARCH_PATHS = (
					"$(inherited)",
					"/Users/mortimer/Desktop/AdColony-iOS-SDK",
					"/Users/mortimer/Projects/atomic-plugins-ads/src/cordova/ios/admob/src/deps/external",
					"/Users/mortimer/Projects/atomic-plugins-ads/src/cordova/ios/admob/base/src/deps/external",
				);
				HEADER_SEARCH_PATHS = (
					"$(inherited)",
					/Applications/Xcode.app/Contents/Developer/Toolchains/XcodeDefault.xctoolchain/usr/include,
					"${PROJECT_DIR}/../../../src/cordova/ios/admob/src/deps/external/include",
				);
				INFOPLIST_FILE = "AdTest_mopub copy-Info.plist";
				IPHONEOS_DEPLOYMENT_TARGET = 6.0;
				LD_RUNPATH_SEARCH_PATHS = "$(inherited) @executable_path/Frameworks";
				LIBRARY_SEARCH_PATHS = (
					"$(inherited)",
					/Users/mortimer/Downloads/AdColonyAdMobAdapter,
				);
				OTHER_LDFLAGS = "-ObjC";
				PRODUCT_NAME = AdTest_admob;
				VALID_ARCHS = "$(ARCHS_STANDARD)";
			};
			name = Debug;
		};
		11D333321A766F93001983FB /* Release */ = {
			isa = XCBuildConfiguration;
			buildSettings = {
				ASSETCATALOG_COMPILER_APPICON_NAME = AppIcon;
				CLANG_ENABLE_MODULES = YES;
				CLANG_LINK_OBJC_RUNTIME = YES;
				CLANG_MODULES_AUTOLINK = NO;
				ENABLE_BITCODE = NO;
				FRAMEWORK_SEARCH_PATHS = (
					"$(inherited)",
					"/Users/mortimer/Desktop/AdColony-iOS-SDK",
					"/Users/mortimer/Projects/atomic-plugins-ads/src/cordova/ios/admob/src/deps/external",
					"/Users/mortimer/Projects/atomic-plugins-ads/src/cordova/ios/admob/base/src/deps/external",
				);
				HEADER_SEARCH_PATHS = (
					"$(inherited)",
					/Applications/Xcode.app/Contents/Developer/Toolchains/XcodeDefault.xctoolchain/usr/include,
					"${PROJECT_DIR}/../../../src/cordova/ios/admob/src/deps/external/include",
				);
				INFOPLIST_FILE = "AdTest_mopub copy-Info.plist";
				IPHONEOS_DEPLOYMENT_TARGET = 6.0;
				LD_RUNPATH_SEARCH_PATHS = "$(inherited) @executable_path/Frameworks";
				LIBRARY_SEARCH_PATHS = (
					"$(inherited)",
					/Users/mortimer/Downloads/AdColonyAdMobAdapter,
				);
				OTHER_LDFLAGS = "-ObjC";
				PRODUCT_NAME = AdTest_admob;
				VALID_ARCHS = "$(ARCHS_STANDARD)";
			};
			name = Release;
		};
		11EA00B01A48359400F0CB30 /* Debug */ = {
			isa = XCBuildConfiguration;
			buildSettings = {
				ALWAYS_SEARCH_USER_PATHS = NO;
				CLANG_CXX_LANGUAGE_STANDARD = "gnu++0x";
				CLANG_CXX_LIBRARY = "libc++";
				CLANG_ENABLE_MODULES = YES;
				CLANG_ENABLE_OBJC_ARC = YES;
				CLANG_WARN_BOOL_CONVERSION = YES;
				CLANG_WARN_CONSTANT_CONVERSION = YES;
				CLANG_WARN_DIRECT_OBJC_ISA_USAGE = YES_ERROR;
				CLANG_WARN_EMPTY_BODY = YES;
				CLANG_WARN_ENUM_CONVERSION = YES;
				CLANG_WARN_INT_CONVERSION = YES;
				CLANG_WARN_OBJC_ROOT_CLASS = YES_ERROR;
				CLANG_WARN_UNREACHABLE_CODE = YES;
				CLANG_WARN__DUPLICATE_METHOD_MATCH = YES;
				"CODE_SIGN_IDENTITY[sdk=iphoneos*]" = "iPhone Developer";
				COPY_PHASE_STRIP = NO;
				ENABLE_STRICT_OBJC_MSGSEND = YES;
				GCC_C_LANGUAGE_STANDARD = gnu99;
				GCC_DYNAMIC_NO_PIC = NO;
				GCC_OPTIMIZATION_LEVEL = 0;
				GCC_PREPROCESSOR_DEFINITIONS = (
					"DEBUG=1",
					"$(inherited)",
				);
				GCC_SYMBOLS_PRIVATE_EXTERN = NO;
				GCC_WARN_64_TO_32_BIT_CONVERSION = YES;
				GCC_WARN_ABOUT_RETURN_TYPE = YES_ERROR;
				GCC_WARN_UNDECLARED_SELECTOR = YES;
				GCC_WARN_UNINITIALIZED_AUTOS = YES_AGGRESSIVE;
				GCC_WARN_UNUSED_FUNCTION = YES;
				GCC_WARN_UNUSED_VARIABLE = YES;
				IPHONEOS_DEPLOYMENT_TARGET = 8.1;
				MTL_ENABLE_DEBUG_INFO = YES;
				ONLY_ACTIVE_ARCH = YES;
				SDKROOT = iphoneos;
				TARGETED_DEVICE_FAMILY = "1,2";
			};
			name = Debug;
		};
		11EA00B11A48359400F0CB30 /* Release */ = {
			isa = XCBuildConfiguration;
			buildSettings = {
				ALWAYS_SEARCH_USER_PATHS = NO;
				CLANG_CXX_LANGUAGE_STANDARD = "gnu++0x";
				CLANG_CXX_LIBRARY = "libc++";
				CLANG_ENABLE_MODULES = YES;
				CLANG_ENABLE_OBJC_ARC = YES;
				CLANG_WARN_BOOL_CONVERSION = YES;
				CLANG_WARN_CONSTANT_CONVERSION = YES;
				CLANG_WARN_DIRECT_OBJC_ISA_USAGE = YES_ERROR;
				CLANG_WARN_EMPTY_BODY = YES;
				CLANG_WARN_ENUM_CONVERSION = YES;
				CLANG_WARN_INT_CONVERSION = YES;
				CLANG_WARN_OBJC_ROOT_CLASS = YES_ERROR;
				CLANG_WARN_UNREACHABLE_CODE = YES;
				CLANG_WARN__DUPLICATE_METHOD_MATCH = YES;
				"CODE_SIGN_IDENTITY[sdk=iphoneos*]" = "iPhone Developer";
				COPY_PHASE_STRIP = YES;
				ENABLE_NS_ASSERTIONS = NO;
				ENABLE_STRICT_OBJC_MSGSEND = YES;
				GCC_C_LANGUAGE_STANDARD = gnu99;
				GCC_WARN_64_TO_32_BIT_CONVERSION = YES;
				GCC_WARN_ABOUT_RETURN_TYPE = YES_ERROR;
				GCC_WARN_UNDECLARED_SELECTOR = YES;
				GCC_WARN_UNINITIALIZED_AUTOS = YES_AGGRESSIVE;
				GCC_WARN_UNUSED_FUNCTION = YES;
				GCC_WARN_UNUSED_VARIABLE = YES;
				IPHONEOS_DEPLOYMENT_TARGET = 8.1;
				MTL_ENABLE_DEBUG_INFO = NO;
				SDKROOT = iphoneos;
				TARGETED_DEVICE_FAMILY = "1,2";
				VALIDATE_PRODUCT = YES;
			};
			name = Release;
		};
		11EA00B31A48359400F0CB30 /* Debug */ = {
			isa = XCBuildConfiguration;
			buildSettings = {
				ASSETCATALOG_COMPILER_APPICON_NAME = AppIcon;
				CLANG_ENABLE_MODULES = YES;
				CLANG_LINK_OBJC_RUNTIME = YES;
				CLANG_MODULES_AUTOLINK = YES;
				ENABLE_BITCODE = NO;
				FRAMEWORK_SEARCH_PATHS = (
					"$(inherited)",
					"${PROJECT_DIR}/../../../src/cordova/ios/admob/base/src/deps/external",
					"${PROJECT_DIR}/../../../src/cordova/ios/chartboost/src/deps/external",
				);
				HEADER_SEARCH_PATHS = (
					"$(inherited)",
					/Applications/Xcode.app/Contents/Developer/Toolchains/XcodeDefault.xctoolchain/usr/include,
					"${PROJECT_DIR}/../../../src/cordova/ios/mopub/base/src/deps/external/include",
				);
				INFOPLIST_FILE = AdTest/Info.plist;
				IPHONEOS_DEPLOYMENT_TARGET = 6.0;
				LD_RUNPATH_SEARCH_PATHS = "$(inherited) @executable_path/Frameworks";
				OTHER_LDFLAGS = (
					"-ObjC",
					"${PROJECT_DIR}/../../../src/cordova/ios/mopub/base/src/deps/external/libMoPub.a",
					"${PROJECT_DIR}/../../../src/cordova/ios/mopub/admob/src/deps/libAdMobAdapter.a",
					"${PROJECT_DIR}/../../../src/cordova/ios/mopub/millennial/src/deps/libMillennialMediaAdapter.a",
					"${PROJECT_DIR}/../../../src/cordova/ios/mopub/millennial/src/deps/libMillennialMedia.a",
					"${PROJECT_DIR}/../../../src/cordova/ios/mopub/chartboost/src/deps/libChartboostAdapter.a",
				);
				PRODUCT_NAME = "$(TARGET_NAME)";
				VALID_ARCHS = "$(ARCHS_STANDARD)";
			};
			name = Debug;
		};
		11EA00B41A48359400F0CB30 /* Release */ = {
			isa = XCBuildConfiguration;
			buildSettings = {
				ASSETCATALOG_COMPILER_APPICON_NAME = AppIcon;
				CLANG_ENABLE_MODULES = YES;
				CLANG_LINK_OBJC_RUNTIME = YES;
				CLANG_MODULES_AUTOLINK = YES;
				ENABLE_BITCODE = NO;
				FRAMEWORK_SEARCH_PATHS = (
					"$(inherited)",
					"${PROJECT_DIR}/../../../src/cordova/ios/admob/base/src/deps/external",
					"${PROJECT_DIR}/../../../src/cordova/ios/chartboost/src/deps/external",
				);
				HEADER_SEARCH_PATHS = (
					"$(inherited)",
					/Applications/Xcode.app/Contents/Developer/Toolchains/XcodeDefault.xctoolchain/usr/include,
					"${PROJECT_DIR}/../../../src/cordova/ios/mopub/base/src/deps/external/include",
				);
				INFOPLIST_FILE = AdTest/Info.plist;
				IPHONEOS_DEPLOYMENT_TARGET = 6.0;
				LD_RUNPATH_SEARCH_PATHS = "$(inherited) @executable_path/Frameworks";
				OTHER_LDFLAGS = (
					"-ObjC",
					"${PROJECT_DIR}/../../../src/cordova/ios/mopub/base/src/deps/external/libMoPub.a",
					"${PROJECT_DIR}/../../../src/cordova/ios/mopub/admob/src/deps/libAdMobAdapter.a",
					"${PROJECT_DIR}/../../../src/cordova/ios/mopub/millennial/src/deps/libMillennialMediaAdapter.a",
					"${PROJECT_DIR}/../../../src/cordova/ios/mopub/millennial/src/deps/libMillennialMedia.a",
					"${PROJECT_DIR}/../../../src/cordova/ios/mopub/chartboost/src/deps/libChartboostAdapter.a",
				);
				PRODUCT_NAME = "$(TARGET_NAME)";
				VALID_ARCHS = "$(ARCHS_STANDARD)";
			};
			name = Release;
		};
/* End XCBuildConfiguration section */

/* Begin XCConfigurationList section */
		11729EC01B234E1F00633115 /* Build configuration list for PBXNativeTarget "AdTest_chartboost" */ = {
			isa = XCConfigurationList;
			buildConfigurations = (
				11729EC11B234E1F00633115 /* Debug */,
				11729EC21B234E1F00633115 /* Release */,
			);
			defaultConfigurationIsVisible = 0;
			defaultConfigurationName = Release;
		};
		11D333301A766F93001983FB /* Build configuration list for PBXNativeTarget "AdTest_admob" */ = {
			isa = XCConfigurationList;
			buildConfigurations = (
				11D333311A766F93001983FB /* Debug */,
				11D333321A766F93001983FB /* Release */,
			);
			defaultConfigurationIsVisible = 0;
			defaultConfigurationName = Release;
		};
		11EA008A1A48359400F0CB30 /* Build configuration list for PBXProject "AdTest" */ = {
			isa = XCConfigurationList;
			buildConfigurations = (
				11EA00B01A48359400F0CB30 /* Debug */,
				11EA00B11A48359400F0CB30 /* Release */,
			);
			defaultConfigurationIsVisible = 0;
			defaultConfigurationName = Release;
		};
		11EA00B21A48359400F0CB30 /* Build configuration list for PBXNativeTarget "AdTest_mopub" */ = {
			isa = XCConfigurationList;
			buildConfigurations = (
				11EA00B31A48359400F0CB30 /* Debug */,
				11EA00B41A48359400F0CB30 /* Release */,
			);
			defaultConfigurationIsVisible = 0;
			defaultConfigurationName = Release;
		};
/* End XCConfigurationList section */
	};
	rootObject = 11EA00871A48359400F0CB30 /* Project object */;
}
